%{
  "cf": {:hex, :cf, "0.2.2", "7f2913fff90abcabd0f489896cfeb0b0674f6c8df6c10b17a83175448029896c", [:rebar3], [], "hexpm", "48283b3019bc7fad56e7b23028a5da4d3e6cd598a553ab2a99a2153bf5f19b21"},
  "ctex": {:hex, :ctex, "0.1.0", "2e88454954d3490b49ad8e4440ebe785989a7a689e21e2064bacbb1cd78f21d2", [:mix], [{:cth_readable, "~> 1.4.0", [hex: :cth_readable, repo: "hexpm", optional: false]}], "hexpm", "a2b958621f53e9a4679ec186ae3a26bb0e619b76767ce41f45fde7895fa3c557"},
  "cth_readable": {:hex, :cth_readable, "1.4.9", "034fb69795f11061980ecb62b40ef51dc10d4ac115b98fdb2c0cc71d851fbf98", [:rebar3], [{:cf, "~>0.2.1", [hex: :cf, repo: "hexpm", optional: false]}], "hexpm", "b4c6ababdb046c5f2fbb3c22f030b4c5a679083956dcdd29c1df0cb30b18da24"},
  "poolboy": {:hex, :poolboy, "1.5.2", "392b007a1693a64540cead79830443abf5762f5d30cf50bc95cb2c1aaafa006b", [:rebar3], [], "hexpm", "dad79704ce5440f3d5a3681c8590b9dc25d1a561e8f5a9c995281012860901e3"},
  "rcl_test": {:hex, :rcl_test, "0.2.0", "0e143369c457fc76bfdc4561edcbb3e8a4276ec059db0f74501ae0bb281c7a8e", [:rebar3], [], "hexpm", "263ec702c76c9fca6caa592a804a5576c5763d3fe9494db6b0c21ec687b29407"},
  "riak_core": {:hex, :riak_core_lite, "0.10.1", "b6acade9f1c0a1a75aa4fc76bfa9ab3221ae33dbf1f76b0f916bf8741e3b77cf", [:rebar3], [{:poolboy, "~>1.5.2", [hex: :poolboy, repo: "hexpm", optional: false]}], "hexpm", "c30c1fea3c6fc746d4515a9af9be8fa4c0789e6e20b0fd0c38ff118271cc3b41"},
  "riak_core_lite_util": {:hex, :riak_core_lite_util, "0.1.2", "8d9c05421a961700b9a97d67591d7b2d3fd7cfc0f4f6a0df8ce7a687f6eadaad", [:rebar3], [], "hexpm", "b481d064ebfc3536a51dd412e356b7121cb2fe16b78349b98b65de73d425e15e"},
}
